
Microsoft Visual Studio Solution File, Format Version 12.00
# Visual Studio Version 16
VisualStudioVersion = 16.0.29613.14
MinimumVisualStudioVersion = 10.0.40219.1
Project("{9A19103F-16F7-4668-BE54-9A1E7A4F7556}") = "DataServer", "..\DataServer\DataServer.csproj", "{66718702-8078-4A6D-9315-27252A53B9FF}"
EndProject
Global
	GlobalSection(SolutionConfigurationPlatforms) = preSolution
		Debug|Any CPU = Debug|Any CPU
		Release|Any CPU = Release|Any CPU
	EndGlobalSection
	GlobalSection(ProjectConfigurationPlatforms) = postSolution
		{66718702-8078-4A6D-9315-27252A53B9FF}.Debug|Any CPU.ActiveCfg = Debug|Any CPU
		{66718702-8078-4A6D-9315-27252A53B9FF}.Debug|Any CPU.Build.0 = Debug|Any CPU
		{66718702-8078-4A6D-9315-27252A53B9FF}.Release|Any CPU.ActiveCfg = Release|Any CPU
		{66718702-8078-4A6D-9315-27252A53B9FF}.Release|Any CPU.Build.0 = Release|Any CPU
	EndGlobalSection
	GlobalSection(SolutionProperties) = preSolution
		HideSolutionNode = FALSE
	EndGlobalSection
	GlobalSection(ExtensibilityGlobals) = postSolution
		SolutionGuid = {6D34C53E-D440-447C-AB2F-6451AA50F46D}
	EndGlobalSection
EndGlobal
